
Microsoft Visual Studio Solution File, Format Version 12.00
# Visual Studio Version 17
VisualStudioVersion = 17.7.34221.43
MinimumVisualStudioVersion = 10.0.40219.1
Project("{9A19103F-16F7-4668-BE54-9A1E7A4F7556}") = "Harjoitus1", "Harjoitus1\Harjoitus1.csproj", "{BEDD947D-140B-44C4-A981-75BDE7786CC2}"
EndProject
Project("{9A19103F-16F7-4668-BE54-9A1E7A4F7556}") = "Harjoitus2", "Harjoitus2\Harjoitus2.csproj", "{28775757-EB8B-4C74-88A1-7BFCB44FE931}"
EndProject
Project("{9A19103F-16F7-4668-BE54-9A1E7A4F7556}") = "Harjoitus3 (KT)", "Harjoitus3 (KT)\Harjoitus3 (KT).csproj", "{7EA61CDC-FE44-4A60-BED0-66C796FCE11D}"
EndProject
Project("{9A19103F-16F7-4668-BE54-9A1E7A4F7556}") = "Harjoitus4", "Harjoitus4\Harjoitus4.csproj", "{5C73ABC9-DBF0-4660-9897-AC290019C6EA}"
EndProject
Project("{9A19103F-16F7-4668-BE54-9A1E7A4F7556}") = "Harjoitus5", "Harjoitus 5\Harjoitus5.csproj", "{4FAFAA73-4C03-40D4-8BCC-427E1F01C9CB}"
EndProject
Project("{9A19103F-16F7-4668-BE54-9A1E7A4F7556}") = "Harjoitus6", "Harjoitus6\Harjoitus6.csproj", "{A53CC623-038A-4E87-AB00-645BA4DBA94B}"
EndProject
Project("{9A19103F-16F7-4668-BE54-9A1E7A4F7556}") = "Harjoitus7", "Harjoitus7\Harjoitus7.csproj", "{2476A118-AC9E-43BA-9370-59DAD62B06AE}"
EndProject
Project("{9A19103F-16F7-4668-BE54-9A1E7A4F7556}") = "Harjoitus8", "Harjoitus8\Harjoitus8.csproj", "{55C24F7A-0018-4C5D-83C0-B6F3A6194BED}"
EndProject
Project("{9A19103F-16F7-4668-BE54-9A1E7A4F7556}") = "Harjoitus9", "Harjoitus9\Harjoitus9.csproj", "{14700400-F055-44E4-8753-D3BD0FFFD4AF}"
EndProject
Project("{9A19103F-16F7-4668-BE54-9A1E7A4F7556}") = "Harjoitus10", "Harjoitus10\Harjoitus10.csproj", "{2F39A9DB-3281-4FCA-B09C-4D29940AB6E9}"
EndProject
Project("{FAE04EC0-301F-11D3-BF4B-00C04F79EFBC}") = "Harjoitus 11", "Harjoitus 11\Harjoitus 11.csproj", "{208ECAA3-5098-4EFC-82FF-C729125760B0}"
EndProject
Project("{FAE04EC0-301F-11D3-BF4B-00C04F79EFBC}") = "Harjoitus 12 (KT)", "Harjoitus 12 (KT)\Harjoitus 12 (KT).csproj", "{CA72669F-84EF-4EE4-84EB-4C0FEB8218F7}"
EndProject
Project("{FAE04EC0-301F-11D3-BF4B-00C04F79EFBC}") = "Harjoitus 13 (KT)", "Harjoitus 13 (KT)\Harjoitus 13 (KT).csproj", "{24268D13-2242-4F28-8311-DE46A68945F9}"
EndProject
Project("{FAE04EC0-301F-11D3-BF4B-00C04F79EFBC}") = "Harjoitus 14", "Harjoitus 14\Harjoitus 14.csproj", "{62631E95-4870-4E59-983C-B3169926D892}"
EndProject
Project("{FAE04EC0-301F-11D3-BF4B-00C04F79EFBC}") = "Harjoitus 15", "Harjoitus 15\Harjoitus 15.csproj", "{AB60E6EC-7977-433C-ADE5-F7784FCEBB8C}"
EndProject
Project("{FAE04EC0-301F-11D3-BF4B-00C04F79EFBC}") = "Harjoitus 16", "Harjoitus 16\Harjoitus 16.csproj", "{BB7564D9-5EE1-43DB-A6BC-6132E6652673}"
EndProject
Global
	GlobalSection(SolutionConfigurationPlatforms) = preSolution
		Debug|Any CPU = Debug|Any CPU
		Release|Any CPU = Release|Any CPU
	EndGlobalSection
	GlobalSection(ProjectConfigurationPlatforms) = postSolution
		{BEDD947D-140B-44C4-A981-75BDE7786CC2}.Debug|Any CPU.ActiveCfg = Debug|Any CPU
		{BEDD947D-140B-44C4-A981-75BDE7786CC2}.Debug|Any CPU.Build.0 = Debug|Any CPU
		{BEDD947D-140B-44C4-A981-75BDE7786CC2}.Release|Any CPU.ActiveCfg = Release|Any CPU
		{BEDD947D-140B-44C4-A981-75BDE7786CC2}.Release|Any CPU.Build.0 = Release|Any CPU
		{28775757-EB8B-4C74-88A1-7BFCB44FE931}.Debug|Any CPU.ActiveCfg = Debug|Any CPU
		{28775757-EB8B-4C74-88A1-7BFCB44FE931}.Debug|Any CPU.Build.0 = Debug|Any CPU
		{28775757-EB8B-4C74-88A1-7BFCB44FE931}.Release|Any CPU.ActiveCfg = Release|Any CPU
		{28775757-EB8B-4C74-88A1-7BFCB44FE931}.Release|Any CPU.Build.0 = Release|Any CPU
		{7EA61CDC-FE44-4A60-BED0-66C796FCE11D}.Debug|Any CPU.ActiveCfg = Debug|Any CPU
		{7EA61CDC-FE44-4A60-BED0-66C796FCE11D}.Debug|Any CPU.Build.0 = Debug|Any CPU
		{7EA61CDC-FE44-4A60-BED0-66C796FCE11D}.Release|Any CPU.ActiveCfg = Release|Any CPU
		{7EA61CDC-FE44-4A60-BED0-66C796FCE11D}.Release|Any CPU.Build.0 = Release|Any CPU
		{5C73ABC9-DBF0-4660-9897-AC290019C6EA}.Debug|Any CPU.ActiveCfg = Debug|Any CPU
		{5C73ABC9-DBF0-4660-9897-AC290019C6EA}.Debug|Any CPU.Build.0 = Debug|Any CPU
		{5C73ABC9-DBF0-4660-9897-AC290019C6EA}.Release|Any CPU.ActiveCfg = Release|Any CPU
		{5C73ABC9-DBF0-4660-9897-AC290019C6EA}.Release|Any CPU.Build.0 = Release|Any CPU
		{4FAFAA73-4C03-40D4-8BCC-427E1F01C9CB}.Debug|Any CPU.ActiveCfg = Debug|Any CPU
		{4FAFAA73-4C03-40D4-8BCC-427E1F01C9CB}.Debug|Any CPU.Build.0 = Debug|Any CPU
		{4FAFAA73-4C03-40D4-8BCC-427E1F01C9CB}.Release|Any CPU.ActiveCfg = Release|Any CPU
		{4FAFAA73-4C03-40D4-8BCC-427E1F01C9CB}.Release|Any CPU.Build.0 = Release|Any CPU
		{A53CC623-038A-4E87-AB00-645BA4DBA94B}.Debug|Any CPU.ActiveCfg = Debug|Any CPU
		{A53CC623-038A-4E87-AB00-645BA4DBA94B}.Debug|Any CPU.Build.0 = Debug|Any CPU
		{A53CC623-038A-4E87-AB00-645BA4DBA94B}.Release|Any CPU.ActiveCfg = Release|Any CPU
		{A53CC623-038A-4E87-AB00-645BA4DBA94B}.Release|Any CPU.Build.0 = Release|Any CPU
		{2476A118-AC9E-43BA-9370-59DAD62B06AE}.Debug|Any CPU.ActiveCfg = Debug|Any CPU
		{2476A118-AC9E-43BA-9370-59DAD62B06AE}.Debug|Any CPU.Build.0 = Debug|Any CPU
		{2476A118-AC9E-43BA-9370-59DAD62B06AE}.Release|Any CPU.ActiveCfg = Release|Any CPU
		{2476A118-AC9E-43BA-9370-59DAD62B06AE}.Release|Any CPU.Build.0 = Release|Any CPU
		{55C24F7A-0018-4C5D-83C0-B6F3A6194BED}.Debug|Any CPU.ActiveCfg = Debug|Any CPU
		{55C24F7A-0018-4C5D-83C0-B6F3A6194BED}.Debug|Any CPU.Build.0 = Debug|Any CPU
		{55C24F7A-0018-4C5D-83C0-B6F3A6194BED}.Release|Any CPU.ActiveCfg = Release|Any CPU
		{55C24F7A-0018-4C5D-83C0-B6F3A6194BED}.Release|Any CPU.Build.0 = Release|Any CPU
		{14700400-F055-44E4-8753-D3BD0FFFD4AF}.Debug|Any CPU.ActiveCfg = Debug|Any CPU
		{14700400-F055-44E4-8753-D3BD0FFFD4AF}.Debug|Any CPU.Build.0 = Debug|Any CPU
		{14700400-F055-44E4-8753-D3BD0FFFD4AF}.Release|Any CPU.ActiveCfg = Release|Any CPU
		{14700400-F055-44E4-8753-D3BD0FFFD4AF}.Release|Any CPU.Build.0 = Release|Any CPU
		{2F39A9DB-3281-4FCA-B09C-4D29940AB6E9}.Debug|Any CPU.ActiveCfg = Debug|Any CPU
		{2F39A9DB-3281-4FCA-B09C-4D29940AB6E9}.Debug|Any CPU.Build.0 = Debug|Any CPU
		{2F39A9DB-3281-4FCA-B09C-4D29940AB6E9}.Release|Any CPU.ActiveCfg = Release|Any CPU
		{2F39A9DB-3281-4FCA-B09C-4D29940AB6E9}.Release|Any CPU.Build.0 = Release|Any CPU
		{208ECAA3-5098-4EFC-82FF-C729125760B0}.Debug|Any CPU.ActiveCfg = Debug|Any CPU
		{208ECAA3-5098-4EFC-82FF-C729125760B0}.Debug|Any CPU.Build.0 = Debug|Any CPU
		{208ECAA3-5098-4EFC-82FF-C729125760B0}.Release|Any CPU.ActiveCfg = Release|Any CPU
		{208ECAA3-5098-4EFC-82FF-C729125760B0}.Release|Any CPU.Build.0 = Release|Any CPU
		{CA72669F-84EF-4EE4-84EB-4C0FEB8218F7}.Debug|Any CPU.ActiveCfg = Debug|Any CPU
		{CA72669F-84EF-4EE4-84EB-4C0FEB8218F7}.Debug|Any CPU.Build.0 = Debug|Any CPU
		{CA72669F-84EF-4EE4-84EB-4C0FEB8218F7}.Release|Any CPU.ActiveCfg = Release|Any CPU
		{CA72669F-84EF-4EE4-84EB-4C0FEB8218F7}.Release|Any CPU.Build.0 = Release|Any CPU
		{24268D13-2242-4F28-8311-DE46A68945F9}.Debug|Any CPU.ActiveCfg = Debug|Any CPU
		{24268D13-2242-4F28-8311-DE46A68945F9}.Debug|Any CPU.Build.0 = Debug|Any CPU
		{24268D13-2242-4F28-8311-DE46A68945F9}.Release|Any CPU.ActiveCfg = Release|Any CPU
		{24268D13-2242-4F28-8311-DE46A68945F9}.Release|Any CPU.Build.0 = Release|Any CPU
		{62631E95-4870-4E59-983C-B3169926D892}.Debug|Any CPU.ActiveCfg = Debug|Any CPU
		{62631E95-4870-4E59-983C-B3169926D892}.Debug|Any CPU.Build.0 = Debug|Any CPU
		{62631E95-4870-4E59-983C-B3169926D892}.Release|Any CPU.ActiveCfg = Release|Any CPU
		{62631E95-4870-4E59-983C-B3169926D892}.Release|Any CPU.Build.0 = Release|Any CPU
		{AB60E6EC-7977-433C-ADE5-F7784FCEBB8C}.Debug|Any CPU.ActiveCfg = Debug|Any CPU
		{AB60E6EC-7977-433C-ADE5-F7784FCEBB8C}.Debug|Any CPU.Build.0 = Debug|Any CPU
		{AB60E6EC-7977-433C-ADE5-F7784FCEBB8C}.Release|Any CPU.ActiveCfg = Release|Any CPU
		{AB60E6EC-7977-433C-ADE5-F7784FCEBB8C}.Release|Any CPU.Build.0 = Release|Any CPU
		{BB7564D9-5EE1-43DB-A6BC-6132E6652673}.Debug|Any CPU.ActiveCfg = Debug|Any CPU
		{BB7564D9-5EE1-43DB-A6BC-6132E6652673}.Debug|Any CPU.Build.0 = Debug|Any CPU
		{BB7564D9-5EE1-43DB-A6BC-6132E6652673}.Release|Any CPU.ActiveCfg = Release|Any CPU
		{BB7564D9-5EE1-43DB-A6BC-6132E6652673}.Release|Any CPU.Build.0 = Release|Any CPU
	EndGlobalSection
	GlobalSection(SolutionProperties) = preSolution
		HideSolutionNode = FALSE
	EndGlobalSection
	GlobalSection(ExtensibilityGlobals) = postSolution
		SolutionGuid = {9619C644-1E70-4D00-8D80-36C112044338}
	EndGlobalSection
EndGlobal
